
Microsoft Visual Studio Solution File, Format Version 12.00
# Visual Studio 15
VisualStudioVersion = 15.0.27703.2000
MinimumVisualStudioVersion = 10.0.40219.1
Project("{FAE04EC0-301F-11D3-BF4B-00C04F79EFBC}") = "CLI", "CLI\CLI.csproj", "{31DABC6E-D6B1-4524-9431-DAA202F57335}"
EndProject
Project("{FAE04EC0-301F-11D3-BF4B-00C04F79EFBC}") = "Handlers", "Handlers\Handlers.csproj", "{FEBC297A-6BC4-419E-A5D6-2A0195D75C3D}"
EndProject
Global
	GlobalSection(SolutionConfigurationPlatforms) = preSolution
		Debug|Any CPU = Debug|Any CPU
		Release|Any CPU = Release|Any CPU
	EndGlobalSection
	GlobalSection(ProjectConfigurationPlatforms) = postSolution
		{31DABC6E-D6B1-4524-9431-DAA202F57335}.Debug|Any CPU.ActiveCfg = Debug|Any CPU
		{31DABC6E-D6B1-4524-9431-DAA202F57335}.Debug|Any CPU.Build.0 = Debug|Any CPU
		{31DABC6E-D6B1-4524-9431-DAA202F57335}.Release|Any CPU.ActiveCfg = Release|Any CPU
		{31DABC6E-D6B1-4524-9431-DAA202F57335}.Release|Any CPU.Build.0 = Release|Any CPU
		{FEBC297A-6BC4-419E-A5D6-2A0195D75C3D}.Debug|Any CPU.ActiveCfg = Debug|Any CPU
		{FEBC297A-6BC4-419E-A5D6-2A0195D75C3D}.Debug|Any CPU.Build.0 = Debug|Any CPU
		{FEBC297A-6BC4-419E-A5D6-2A0195D75C3D}.Release|Any CPU.ActiveCfg = Release|Any CPU
		{FEBC297A-6BC4-419E-A5D6-2A0195D75C3D}.Release|Any CPU.Build.0 = Release|Any CPU
	EndGlobalSection
	GlobalSection(SolutionProperties) = preSolution
		HideSolutionNode = FALSE
	EndGlobalSection
	GlobalSection(ExtensibilityGlobals) = postSolution
		SolutionGuid = {961AC375-0EE5-4F8C-90F8-328BBF10F6CD}
	EndGlobalSection
EndGlobal
